<?xml version="1.0" encoding="utf-8"?>
<Project ToolsVersion="4.0" xmlns="http://schemas.microsoft.com/developer/msbuild/2003">
  <ItemGroup>
    <Filter Include="Source Files">
      <UniqueIdentifier>{4FC737F1-C7A5-4376-A066-2A32D752A2FF}</UniqueIdentifier>
      <Extensions>cpp;c;cc;cxx;def;odl;idl;hpj;bat;asm;asmx</Extensions>
    </Filter>
    <Filter Include="Header Files">
      <UniqueIdentifier>{93995380-89BD-4b04-88EB-625FBE52EBFB}</UniqueIdentifier>
      <Extensions>h;hh;hpp;hxx;hm;inl;inc;ipp;xsd</Extensions>
    </Filter>
    <Filter Include="Resource Files">
      <UniqueIdentifier>{67DA6AB6-F800-4c08-8B7A-83BB121AAD01}</UniqueIdentifier>
      <Extensions>rc;ico;cur;bmp;dlg;rc2;rct;bin;rgs;gif;jpg;jpeg;jpe;resx;tiff;tif;png;wav;mfcribbon-ms</Extensions>
    </Filter>
    <Filter Include="Header Files\Features">
      <UniqueIdentifier>{dabb7826-7639-4776-92c8-683425ba9ce7}</UniqueIdentifier>
    </Filter>
    <Filter Include="Source Files\Features">
      <UniqueIdentifier>{730912dc-4165-43cb-b7f6-297c401f3d78}</UniqueIdentifier>
    </Filter>
    <Filter Include="Header Files\SDK Stuff">
      <UniqueIdentifier>{6a522dae-3d95-453e-ae4b-a1258edb60a4}</UniqueIdentifier>
    </Filter>
    <Filter Include="Header Files\MathStuff">
      <UniqueIdentifier>{59309035-ba62-4839-b699-8f4dacd2789f}</UniqueIdentifier>
    </Filter>
    <Filter Include="Source Files\SDK Source Files">
      <UniqueIdentifier>{77fdb1d7-b66d-49d3-88e0-4e268139cb15}</UniqueIdentifier>
    </Filter>
  </ItemGroup>
  <ItemGroup>
    <ClInclude Include="Aimbot.h">
      <Filter>Header Files\Features</Filter>
    </ClInclude>
    <ClInclude Include="Interface.h">
      <Filter>Header Files\SDK Stuff</Filter>
    </ClInclude>
    <ClInclude Include="InterfaceVT.h">
      <Filter>Header Files\SDK Stuff</Filter>
    </ClInclude>
    <ClInclude Include="SDK Stuff.h">
      <Filter>Header Files\SDK Stuff</Filter>
    </ClInclude>
    <ClInclude Include="Math.h">
      <Filter>Header Files\MathStuff</Filter>
    </ClInclude>
    <ClInclude Include="Matrix.h">
      <Filter>Header Files\MathStuff</Filter>
    </ClInclude>
    <ClInclude Include="Vector.h">
      <Filter>Header Files\MathStuff</Filter>
    </ClInclude>
    <ClInclude Include="ModelInfo.h">
      <Filter>Header Files\SDK Stuff</Filter>
    </ClInclude>
    <ClInclude Include="QAngle.h">
      <Filter>Header Files\MathStuff</Filter>
    </ClInclude>
  </ItemGroup>
  <ItemGroup>
    <ClCompile Include="Source.cpp">
      <Filter>Source Files</Filter>
    </ClCompile>
    <ClCompile Include="Aimbot.cpp">
      <Filter>Source Files\Features</Filter>
    </ClCompile>
    <ClCompile Include="Math.cpp">
      <Filter>Source Files</Filter>
    </ClCompile>
    <ClCompile Include="Interface.cpp">
      <Filter>Source Files\SDK Source Files</Filter>
    </ClCompile>
  </ItemGroup>
</Project>